
Microsoft Visual Studio Solution File, Format Version 12.00
# Visual Studio Version 17
VisualStudioVersion = 17.9.34714.143
MinimumVisualStudioVersion = 10.0.40219.1
Project("{FAE04EC0-301F-11D3-BF4B-00C04F79EFBC}") = "Ejerc_Propuesto9", "Ejerc_Propuesto9\Ejerc_Propuesto9.csproj", "{7DABF76F-7491-4BB7-9425-04E0CFD9197A}"
EndProject
Global
	GlobalSection(SolutionConfigurationPlatforms) = preSolution
		Debug|Any CPU = Debug|Any CPU
		Release|Any CPU = Release|Any CPU
	EndGlobalSection
	GlobalSection(ProjectConfigurationPlatforms) = postSolution
		{7DABF76F-7491-4BB7-9425-04E0CFD9197A}.Debug|Any CPU.ActiveCfg = Debug|Any CPU
		{7DABF76F-7491-4BB7-9425-04E0CFD9197A}.Debug|Any CPU.Build.0 = Debug|Any CPU
		{7DABF76F-7491-4BB7-9425-04E0CFD9197A}.Release|Any CPU.ActiveCfg = Release|Any CPU
		{7DABF76F-7491-4BB7-9425-04E0CFD9197A}.Release|Any CPU.Build.0 = Release|Any CPU
	EndGlobalSection
	GlobalSection(SolutionProperties) = preSolution
		HideSolutionNode = FALSE
	EndGlobalSection
	GlobalSection(ExtensibilityGlobals) = postSolution
		SolutionGuid = {0D5A9399-2206-4DE9-93F5-4A2996FCB570}
	EndGlobalSection
EndGlobal
