
Microsoft Visual Studio Solution File, Format Version 12.00
# Visual Studio Version 17
VisualStudioVersion = 17.9.34714.143
MinimumVisualStudioVersion = 10.0.40219.1
Project("{FAE04EC0-301F-11D3-BF4B-00C04F79EFBC}") = "Promedio_Columna_Vector", "Promedio_Columna_Vector\Promedio_Columna_Vector.csproj", "{B33A59AE-7B67-4654-A7D2-2FAE0C544136}"
EndProject
Global
	GlobalSection(SolutionConfigurationPlatforms) = preSolution
		Debug|Any CPU = Debug|Any CPU
		Release|Any CPU = Release|Any CPU
	EndGlobalSection
	GlobalSection(ProjectConfigurationPlatforms) = postSolution
		{B33A59AE-7B67-4654-A7D2-2FAE0C544136}.Debug|Any CPU.ActiveCfg = Debug|Any CPU
		{B33A59AE-7B67-4654-A7D2-2FAE0C544136}.Debug|Any CPU.Build.0 = Debug|Any CPU
		{B33A59AE-7B67-4654-A7D2-2FAE0C544136}.Release|Any CPU.ActiveCfg = Release|Any CPU
		{B33A59AE-7B67-4654-A7D2-2FAE0C544136}.Release|Any CPU.Build.0 = Release|Any CPU
	EndGlobalSection
	GlobalSection(SolutionProperties) = preSolution
		HideSolutionNode = FALSE
	EndGlobalSection
	GlobalSection(ExtensibilityGlobals) = postSolution
		SolutionGuid = {DF4143B9-B2B3-4A70-AB2B-248EB7F2DDB0}
	EndGlobalSection
EndGlobal
