
Microsoft Visual Studio Solution File, Format Version 12.00
# Visual Studio Version 17
VisualStudioVersion = 17.9.34714.143
MinimumVisualStudioVersion = 10.0.40219.1
Project("{FAE04EC0-301F-11D3-BF4B-00C04F79EFBC}") = "Busqueda_Binaria", "Busqueda_Binaria\Busqueda_Binaria.csproj", "{02044262-4327-4A57-8DCB-1E7080FBEF06}"
EndProject
Global
	GlobalSection(SolutionConfigurationPlatforms) = preSolution
		Debug|Any CPU = Debug|Any CPU
		Release|Any CPU = Release|Any CPU
	EndGlobalSection
	GlobalSection(ProjectConfigurationPlatforms) = postSolution
		{02044262-4327-4A57-8DCB-1E7080FBEF06}.Debug|Any CPU.ActiveCfg = Debug|Any CPU
		{02044262-4327-4A57-8DCB-1E7080FBEF06}.Debug|Any CPU.Build.0 = Debug|Any CPU
		{02044262-4327-4A57-8DCB-1E7080FBEF06}.Release|Any CPU.ActiveCfg = Release|Any CPU
		{02044262-4327-4A57-8DCB-1E7080FBEF06}.Release|Any CPU.Build.0 = Release|Any CPU
	EndGlobalSection
	GlobalSection(SolutionProperties) = preSolution
		HideSolutionNode = FALSE
	EndGlobalSection
	GlobalSection(ExtensibilityGlobals) = postSolution
		SolutionGuid = {633CCE3A-53FB-4C9D-A0F4-25C69AB81652}
	EndGlobalSection
EndGlobal
