
Microsoft Visual Studio Solution File, Format Version 12.00
# Visual Studio Version 17
VisualStudioVersion = 17.9.34714.143
MinimumVisualStudioVersion = 10.0.40219.1
Project("{FAE04EC0-301F-11D3-BF4B-00C04F79EFBC}") = "Valor_AbsolutoNUM", "Valor_AbsolutoNUM\Valor_AbsolutoNUM.csproj", "{C68BF7E2-4E3B-4F19-8051-2BCB961971F8}"
EndProject
Global
	GlobalSection(SolutionConfigurationPlatforms) = preSolution
		Debug|Any CPU = Debug|Any CPU
		Release|Any CPU = Release|Any CPU
	EndGlobalSection
	GlobalSection(ProjectConfigurationPlatforms) = postSolution
		{C68BF7E2-4E3B-4F19-8051-2BCB961971F8}.Debug|Any CPU.ActiveCfg = Debug|Any CPU
		{C68BF7E2-4E3B-4F19-8051-2BCB961971F8}.Debug|Any CPU.Build.0 = Debug|Any CPU
		{C68BF7E2-4E3B-4F19-8051-2BCB961971F8}.Release|Any CPU.ActiveCfg = Release|Any CPU
		{C68BF7E2-4E3B-4F19-8051-2BCB961971F8}.Release|Any CPU.Build.0 = Release|Any CPU
	EndGlobalSection
	GlobalSection(SolutionProperties) = preSolution
		HideSolutionNode = FALSE
	EndGlobalSection
	GlobalSection(ExtensibilityGlobals) = postSolution
		SolutionGuid = {818F7CE9-3C19-4488-9490-4D7DBE709939}
	EndGlobalSection
EndGlobal
