
Microsoft Visual Studio Solution File, Format Version 12.00
# Visual Studio Version 17
VisualStudioVersion = 17.7.34024.191
MinimumVisualStudioVersion = 10.0.40219.1
Project("{FAE04EC0-301F-11D3-BF4B-00C04F79EFBC}") = "AreaTriangulo", "AreaTriangulo\AreaTriangulo.csproj", "{1B2BEEE2-83EB-41D3-8377-234B14B84FAD}"
EndProject
Global
	GlobalSection(SolutionConfigurationPlatforms) = preSolution
		Debug|Any CPU = Debug|Any CPU
		Release|Any CPU = Release|Any CPU
	EndGlobalSection
	GlobalSection(ProjectConfigurationPlatforms) = postSolution
		{1B2BEEE2-83EB-41D3-8377-234B14B84FAD}.Debug|Any CPU.ActiveCfg = Debug|Any CPU
		{1B2BEEE2-83EB-41D3-8377-234B14B84FAD}.Debug|Any CPU.Build.0 = Debug|Any CPU
		{1B2BEEE2-83EB-41D3-8377-234B14B84FAD}.Release|Any CPU.ActiveCfg = Release|Any CPU
		{1B2BEEE2-83EB-41D3-8377-234B14B84FAD}.Release|Any CPU.Build.0 = Release|Any CPU
	EndGlobalSection
	GlobalSection(SolutionProperties) = preSolution
		HideSolutionNode = FALSE
	EndGlobalSection
	GlobalSection(ExtensibilityGlobals) = postSolution
		SolutionGuid = {C726E7E4-6EB2-4986-AA43-FCB40C9E33B5}
	EndGlobalSection
EndGlobal
