
Microsoft Visual Studio Solution File, Format Version 12.00
# Visual Studio Version 17
VisualStudioVersion = 17.9.34714.143
MinimumVisualStudioVersion = 10.0.40219.1
Project("{FAE04EC0-301F-11D3-BF4B-00C04F79EFBC}") = "Suma_Pares&Impares_Arrange", "Suma_Pares&Impares_Arrange\Suma_Pares&Impares_Arrange.csproj", "{02D5EEAD-9D66-46CB-9519-6B477B322B69}"
EndProject
Global
	GlobalSection(SolutionConfigurationPlatforms) = preSolution
		Debug|Any CPU = Debug|Any CPU
		Release|Any CPU = Release|Any CPU
	EndGlobalSection
	GlobalSection(ProjectConfigurationPlatforms) = postSolution
		{02D5EEAD-9D66-46CB-9519-6B477B322B69}.Debug|Any CPU.ActiveCfg = Debug|Any CPU
		{02D5EEAD-9D66-46CB-9519-6B477B322B69}.Debug|Any CPU.Build.0 = Debug|Any CPU
		{02D5EEAD-9D66-46CB-9519-6B477B322B69}.Release|Any CPU.ActiveCfg = Release|Any CPU
		{02D5EEAD-9D66-46CB-9519-6B477B322B69}.Release|Any CPU.Build.0 = Release|Any CPU
	EndGlobalSection
	GlobalSection(SolutionProperties) = preSolution
		HideSolutionNode = FALSE
	EndGlobalSection
	GlobalSection(ExtensibilityGlobals) = postSolution
		SolutionGuid = {C33E5362-B8D0-43B3-8FB1-D8D53042AD79}
	EndGlobalSection
EndGlobal
