
Microsoft Visual Studio Solution File, Format Version 12.00
# Visual Studio Version 17
VisualStudioVersion = 17.9.34714.143
MinimumVisualStudioVersion = 10.0.40219.1
Project("{FAE04EC0-301F-11D3-BF4B-00C04F79EFBC}") = "Adivina_NUM", "Adivina_NUM\Adivina_NUM.csproj", "{88620A1E-F44F-4FFF-BCF5-C67B58DA248C}"
EndProject
Global
	GlobalSection(SolutionConfigurationPlatforms) = preSolution
		Debug|Any CPU = Debug|Any CPU
		Release|Any CPU = Release|Any CPU
	EndGlobalSection
	GlobalSection(ProjectConfigurationPlatforms) = postSolution
		{88620A1E-F44F-4FFF-BCF5-C67B58DA248C}.Debug|Any CPU.ActiveCfg = Debug|Any CPU
		{88620A1E-F44F-4FFF-BCF5-C67B58DA248C}.Debug|Any CPU.Build.0 = Debug|Any CPU
		{88620A1E-F44F-4FFF-BCF5-C67B58DA248C}.Release|Any CPU.ActiveCfg = Release|Any CPU
		{88620A1E-F44F-4FFF-BCF5-C67B58DA248C}.Release|Any CPU.Build.0 = Release|Any CPU
	EndGlobalSection
	GlobalSection(SolutionProperties) = preSolution
		HideSolutionNode = FALSE
	EndGlobalSection
	GlobalSection(ExtensibilityGlobals) = postSolution
		SolutionGuid = {93A81070-373F-4BC9-9C17-69018AE38E8E}
	EndGlobalSection
EndGlobal
